
Microsoft Visual Studio Solution File, Format Version 12.00
# Visual Studio Version 17
VisualStudioVersion = 17.7.34031.279
MinimumVisualStudioVersion = 10.0.40219.1
Project("{FAE04EC0-301F-11D3-BF4B-00C04F79EFBC}") = "Zerohunger", "Zerohunger\Zerohunger.csproj", "{422FB5E9-2A67-41F4-8B98-644105CA687F}"
EndProject
Global
	GlobalSection(SolutionConfigurationPlatforms) = preSolution
		Debug|Any CPU = Debug|Any CPU
		Release|Any CPU = Release|Any CPU
	EndGlobalSection
	GlobalSection(ProjectConfigurationPlatforms) = postSolution
		{422FB5E9-2A67-41F4-8B98-644105CA687F}.Debug|Any CPU.ActiveCfg = Debug|Any CPU
		{422FB5E9-2A67-41F4-8B98-644105CA687F}.Debug|Any CPU.Build.0 = Debug|Any CPU
		{422FB5E9-2A67-41F4-8B98-644105CA687F}.Release|Any CPU.ActiveCfg = Release|Any CPU
		{422FB5E9-2A67-41F4-8B98-644105CA687F}.Release|Any CPU.Build.0 = Release|Any CPU
	EndGlobalSection
	GlobalSection(SolutionProperties) = preSolution
		HideSolutionNode = FALSE
	EndGlobalSection
	GlobalSection(ExtensibilityGlobals) = postSolution
		SolutionGuid = {BE621B28-DA91-4371-9556-96A08D616F25}
	EndGlobalSection
EndGlobal
